
Microsoft Visual Studio Solution File, Format Version 12.00
# Visual Studio 15
Project("{FAE04EC0-301F-11D3-BF4B-00C04F79EFBC}") = "Assembly-CSharp", "Assembly-CSharp.csproj", "{19CB3ED9-CA6D-CBC1-9952-D83FBCBBF11D}"
EndProject
Project("{FAE04EC0-301F-11D3-BF4B-00C04F79EFBC}") = "Assembly-CSharp-Editor", "Assembly-CSharp-Editor.csproj", "{94EFE0A0-FFE3-2F86-68C1-8E2560279CC7}"
EndProject
Global
	GlobalSection(SolutionConfigurationPlatforms) = preSolution
		Debug|Any CPU = Debug|Any CPU
		Release|Any CPU = Release|Any CPU
	EndGlobalSection
	GlobalSection(ProjectConfigurationPlatforms) = postSolution
		{19CB3ED9-CA6D-CBC1-9952-D83FBCBBF11D}.Debug|Any CPU.ActiveCfg = Debug|Any CPU
		{19CB3ED9-CA6D-CBC1-9952-D83FBCBBF11D}.Debug|Any CPU.Build.0 = Debug|Any CPU
		{19CB3ED9-CA6D-CBC1-9952-D83FBCBBF11D}.Release|Any CPU.ActiveCfg = Release|Any CPU
		{19CB3ED9-CA6D-CBC1-9952-D83FBCBBF11D}.Release|Any CPU.Build.0 = Release|Any CPU
		{94EFE0A0-FFE3-2F86-68C1-8E2560279CC7}.Debug|Any CPU.ActiveCfg = Debug|Any CPU
		{94EFE0A0-FFE3-2F86-68C1-8E2560279CC7}.Debug|Any CPU.Build.0 = Debug|Any CPU
		{94EFE0A0-FFE3-2F86-68C1-8E2560279CC7}.Release|Any CPU.ActiveCfg = Release|Any CPU
		{94EFE0A0-FFE3-2F86-68C1-8E2560279CC7}.Release|Any CPU.Build.0 = Release|Any CPU
	EndGlobalSection
	GlobalSection(SolutionProperties) = preSolution
		HideSolutionNode = FALSE
	EndGlobalSection
EndGlobal
